
Microsoft Visual Studio Solution File, Format Version 12.00
# Visual Studio Version 17
VisualStudioVersion = 17.5.33414.496
MinimumVisualStudioVersion = 10.0.40219.1
Project("{8BC9CEB8-8B4A-11D0-8D11-00A0C91BC942}") = "TileRotation", "TileRotation\TileRotation.vcxproj", "{3BF98D53-051B-495F-A212-5C17EE913594}"
EndProject
Global
	GlobalSection(SolutionConfigurationPlatforms) = preSolution
		Debug|x64 = Debug|x64
		Release|x64 = Release|x64
	EndGlobalSection
	GlobalSection(ProjectConfigurationPlatforms) = postSolution
		{3BF98D53-051B-495F-A212-5C17EE913594}.Debug|x64.ActiveCfg = Debug|x64
		{3BF98D53-051B-495F-A212-5C17EE913594}.Debug|x64.Build.0 = Debug|x64
		{3BF98D53-051B-495F-A212-5C17EE913594}.Release|x64.ActiveCfg = Release|x64
		{3BF98D53-051B-495F-A212-5C17EE913594}.Release|x64.Build.0 = Release|x64
	EndGlobalSection
	GlobalSection(SolutionProperties) = preSolution
		HideSolutionNode = FALSE
	EndGlobalSection
	GlobalSection(ExtensibilityGlobals) = postSolution
		SolutionGuid = {C0A6044D-BB3F-4980-8B2F-D21BB655EA49}
	EndGlobalSection
EndGlobal
